# THIS IS AN AUTOGENERATED FILE. DO NOT EDIT THIS FILE DIRECTLY.
# yarn lockfile v1


"@babel/parser@^7.16.4":
  version "7.17.3"
  resolved "https://registry.npmmirror.com/@babel/parser/-/parser-7.17.3.tgz#b07702b982990bf6fdc1da5049a23fece4c5c3d0"
  integrity sha512-7yJPvPV+ESz2IUTPbOL+YkIGyCqOyNIzdguKQuJGnH7bg1WTIifuM21YqokFt/THWh1AkCRn9IgoykTRCBVpzA==

"@ctrl/tinycolor@^3.4.0":
  version "3.4.0"
  resolved "https://registry.npmmirror.com/@ctrl/tinycolor/-/tinycolor-3.4.0.tgz#c3c5ae543c897caa9c2a68630bed355be5f9990f"
  integrity sha512-JZButFdZ1+/xAfpguQHoabIXkcqRRKpMrWKBkpEZZyxfY9C1DpADFB8PEqGSTeFr135SaTRfKqGKx5xSCLI7ZQ==

"@element-plus/icons-vue@^0.2.6":
  version "0.2.7"
  resolved "https://registry.npmmirror.com/@element-plus/icons-vue/-/icons-vue-0.2.7.tgz#c0b75363098bf1fba414e18706604bfe5057ae1b"
  integrity sha512-S8kDbfVaWkQvbUYQE1ui448tzaHfUvyESCep9J6uPRlViyQPXjdIfwLBhV6AmQSOfFS8rL+xehJGhvzPXLrSBg==

"@element-plus/icons@0.0.11":
  version "0.0.11"
  resolved "https://registry.npmmirror.com/@element-plus/icons/-/icons-0.0.11.tgz#9b187c002774548b911850d17fa5fc2f9a515f57"
  integrity sha512-iKQXSxXu131Ai+I9Ymtcof9WId7kaXvB1+WRfAfpQCW7UiAMYgdNDqb/u0hgTo2Yq3MwC4MWJnNuTBEpG8r7+A==

"@intlify/core-base@9.1.9":
  version "9.1.9"
  resolved "https://registry.npmmirror.com/@intlify/core-base/-/core-base-9.1.9.tgz#e4e8c951010728e4af3a0d13d74cf3f9e7add7f6"
  integrity sha512-x5T0p/Ja0S8hs5xs+ImKyYckVkL4CzcEXykVYYV6rcbXxJTe2o58IquSqX9bdncVKbRZP7GlBU1EcRaQEEJ+vw==
  dependencies:
    "@intlify/devtools-if" "9.1.9"
    "@intlify/message-compiler" "9.1.9"
    "@intlify/message-resolver" "9.1.9"
    "@intlify/runtime" "9.1.9"
    "@intlify/shared" "9.1.9"
    "@intlify/vue-devtools" "9.1.9"

"@intlify/devtools-if@9.1.9":
  version "9.1.9"
  resolved "https://registry.npmmirror.com/@intlify/devtools-if/-/devtools-if-9.1.9.tgz#a30e1dd1256ff2c5c98d8d75d075384fba898e5d"
  integrity sha512-oKSMKjttG3Ut/1UGEZjSdghuP3fwA15zpDPcjkf/1FjlOIm6uIBGMNS5jXzsZy593u+P/YcnrZD6cD3IVFz9vQ==
  dependencies:
    "@intlify/shared" "9.1.9"

"@intlify/message-compiler@9.1.9":
  version "9.1.9"
  resolved "https://registry.npmmirror.com/@intlify/message-compiler/-/message-compiler-9.1.9.tgz#1193cbd224a71c2fb981455b8534a3c766d2948d"
  integrity sha512-6YgCMF46Xd0IH2hMRLCssZI3gFG4aywidoWQ3QP4RGYQXQYYfFC54DxhSgfIPpVoPLQ+4AD29eoYmhiHZ+qLFQ==
  dependencies:
    "@intlify/message-resolver" "9.1.9"
    "@intlify/shared" "9.1.9"
    source-map "0.6.1"

"@intlify/message-resolver@9.1.9":
  version "9.1.9"
  resolved "https://registry.npmmirror.com/@intlify/message-resolver/-/message-resolver-9.1.9.tgz#3155ccd2f5e6d0dc16cad8b7f1d8e97fcda05bfc"
  integrity sha512-Lx/DBpigeK0sz2BBbzv5mu9/dAlt98HxwbG7xLawC3O2xMF9MNWU5FtOziwYG6TDIjNq0O/3ZbOJAxwITIWXEA==

"@intlify/runtime@9.1.9":
  version "9.1.9"
  resolved "https://registry.npmmirror.com/@intlify/runtime/-/runtime-9.1.9.tgz#2c12ce29518a075629efed0a8ed293ee740cb285"
  integrity sha512-XgPw8+UlHCiie3fI41HPVa/VDJb3/aSH7bLhY1hJvlvNV713PFtb4p4Jo+rlE0gAoMsMCGcsiT982fImolSltg==
  dependencies:
    "@intlify/message-compiler" "9.1.9"
    "@intlify/message-resolver" "9.1.9"
    "@intlify/shared" "9.1.9"

"@intlify/shared@9.1.9":
  version "9.1.9"
  resolved "https://registry.npmmirror.com/@intlify/shared/-/shared-9.1.9.tgz#0baaf96128b85560666bec784ffb01f6623cc17a"
  integrity sha512-xKGM1d0EAxdDFCWedcYXOm6V5Pfw/TMudd6/qCdEb4tv0hk9EKeg7lwQF1azE0dP2phvx0yXxrt7UQK+IZjNdw==

"@intlify/vue-devtools@9.1.9":
  version "9.1.9"
  resolved "https://registry.npmmirror.com/@intlify/vue-devtools/-/vue-devtools-9.1.9.tgz#2be8f4dbe7f7ed4115676eb32348141d411e426b"
  integrity sha512-YPehH9uL4vZcGXky4Ev5qQIITnHKIvsD2GKGXgqf+05osMUI6WSEQHaN9USRa318Rs8RyyPCiDfmA0hRu3k7og==
  dependencies:
    "@intlify/message-resolver" "9.1.9"
    "@intlify/runtime" "9.1.9"
    "@intlify/shared" "9.1.9"

"@popperjs/core@^2.11.2":
  version "2.11.2"
  resolved "https://registry.npmmirror.com/@popperjs/core/-/core-2.11.2.tgz#830beaec4b4091a9e9398ac50f865ddea52186b9"
  integrity sha512-92FRmppjjqz29VMJ2dn+xdyXZBrMlE42AV6Kq6BwjWV7CNUW1hs2FtxSNLQE+gJhaZ6AAmYuO9y8dshhcBl7vA==

"@tinymce/tinymce-vue@4.0.5":
  version "4.0.5"
  resolved "https://registry.npmmirror.com/@tinymce/tinymce-vue/-/tinymce-vue-4.0.5.tgz#d95e69a1053e60bc537792e5ec4dd9c34399f45e"
  integrity sha512-PutMhPVgR+NPeu20pvTmFBY+3zKwTJqK0JPDb6QuK8u1g6Av4RaiUVS58Rft6mhoxVE99tIofdr69wOH/X0swA==
  dependencies:
    tinymce "^5.5.0"

"@vitejs/plugin-vue@^2.2.0":
  version "2.2.4"
  resolved "https://registry.npmmirror.com/@vitejs/plugin-vue/-/plugin-vue-2.2.4.tgz#ab8b199ca82496b05d2654c5f34ffcf9b947243d"
  integrity sha512-ev9AOlp0ljCaDkFZF3JwC/pD2N4Hh+r5srl5JHM6BKg5+99jiiK0rE/XaRs3pVm1wzyKkjUy/StBSoXX5fFzcw==

"@vue/compiler-core@3.2.30":
  version "3.2.30"
  resolved "https://registry.npmmirror.com/@vue/compiler-core/-/compiler-core-3.2.30.tgz#6c5b362490930e72de8d033270a145e3830ae5c4"
  integrity sha512-64fq1KfcR+k3Vlw+IsBM2VhV5B+2IP3YxvKU8LWCDLrkmlXtbf2eMK6+0IwX5KP41D0f1gzryIiXR7P8cB9O5Q==
  dependencies:
    "@babel/parser" "^7.16.4"
    "@vue/shared" "3.2.30"
    estree-walker "^2.0.2"
    source-map "^0.6.1"

"@vue/compiler-dom@3.2.30":
  version "3.2.30"
  resolved "https://registry.npmmirror.com/@vue/compiler-dom/-/compiler-dom-3.2.30.tgz#ed15e6243227baeaa445d04df804aee6e4926eab"
  integrity sha512-t7arHz2SXLCXlF2fdGDFVbhENbGMez254Z5edUqb//6WXJU1lC7GvSkUE7i5x8WSjgfqt60i0V8zdmk16rvLdw==
  dependencies:
    "@vue/compiler-core" "3.2.30"
    "@vue/shared" "3.2.30"

"@vue/compiler-sfc@3.2.30":
  version "3.2.30"
  resolved "https://registry.npmmirror.com/@vue/compiler-sfc/-/compiler-sfc-3.2.30.tgz#9d2e56adb859059551fc1204bc37503f168c4d0c"
  integrity sha512-P/5YpILtcQY92z72gxhkyOUPHVskEzhSrvYi91Xcr+csOxaDaYU5OqOxCzZKcf3Og70Tat404vO1OHrwprN90A==
  dependencies:
    "@babel/parser" "^7.16.4"
    "@vue/compiler-core" "3.2.30"
    "@vue/compiler-dom" "3.2.30"
    "@vue/compiler-ssr" "3.2.30"
    "@vue/reactivity-transform" "3.2.30"
    "@vue/shared" "3.2.30"
    estree-walker "^2.0.2"
    magic-string "^0.25.7"
    postcss "^8.1.10"
    source-map "^0.6.1"

"@vue/compiler-ssr@3.2.30":
  version "3.2.30"
  resolved "https://registry.npmmirror.com/@vue/compiler-ssr/-/compiler-ssr-3.2.30.tgz#fc2bc13a9cdfd70fcffab3f0bc7de141cd9c3411"
  integrity sha512-OUh3MwAu/PsD7VN3UOdBbTkltkrUCNouSht47+CMRzpUR5+ta7+xyMAVHeq8wg4YZenWaJimbR5TL35Ka4Vk6g==
  dependencies:
    "@vue/compiler-dom" "3.2.30"
    "@vue/shared" "3.2.30"

"@vue/devtools-api@^6.0.0-beta.11", "@vue/devtools-api@^6.0.0-beta.18", "@vue/devtools-api@^6.0.0-beta.7":
  version "6.0.13"
  resolved "https://registry.npmmirror.com/@vue/devtools-api/-/devtools-api-6.0.13.tgz#33f8debe2d0239903b6fc8af10ace45ed3a4fab1"
  integrity sha512-T34EjcArVqzANedEZe2kXQ+AZsld2z1ptJlkOGm87+blk+s6udnP4ze/NYqV8lz1o9AIivimN0xxteLlWiWQdg==

"@vue/reactivity-transform@3.2.30":
  version "3.2.30"
  resolved "https://registry.npmmirror.com/@vue/reactivity-transform/-/reactivity-transform-3.2.30.tgz#2006e9f4645777a481b78ae77fc486159afa8480"
  integrity sha512-Le5XzCJyK3qTjoTnvQG/Ehu8fYjayauMNFyMaEnwFlm/avDofpuibpS9u+/6AgzsGnVWN+i0Jgf25bJd9DIwMw==
  dependencies:
    "@babel/parser" "^7.16.4"
    "@vue/compiler-core" "3.2.30"
    "@vue/shared" "3.2.30"
    estree-walker "^2.0.2"
    magic-string "^0.25.7"

"@vue/reactivity@3.2.30":
  version "3.2.30"
  resolved "https://registry.npmmirror.com/@vue/reactivity/-/reactivity-3.2.30.tgz#fdae2bb66d075c34593ea7e15c6831300a1ad39e"
  integrity sha512-qlNKbkRn2JiGxVUEdoXbLAy+vcuHUCcq+YH2uXWz0BNMvXY2plmz+oqsw+694llwmYLkke5lbdYF4DIupisIkg==
  dependencies:
    "@vue/shared" "3.2.30"

"@vue/runtime-core@3.2.30":
  version "3.2.30"
  resolved "https://registry.npmmirror.com/@vue/runtime-core/-/runtime-core-3.2.30.tgz#1acc119ff8a49c06af6b03611bc4e03f464ca8a2"
  integrity sha512-RTi7xH0Ht/6wfbo2WFBMJTEiyWFTqGhrksJm8lz6E+auO6lXZ6Eq3gPNfLt47GDWCm4xyrv+rs5R4UbarPEQ1Q==
  dependencies:
    "@vue/reactivity" "3.2.30"
    "@vue/shared" "3.2.30"

"@vue/runtime-dom@3.2.30":
  version "3.2.30"
  resolved "https://registry.npmmirror.com/@vue/runtime-dom/-/runtime-dom-3.2.30.tgz#16a85b359ea1fff9b1dd61e9d00e93f4652aba5e"
  integrity sha512-a3+jrncDvEFQmB+v9k0VyT4/Y3XO6OAueCroXXY4yLyr6PJeyxljweV5TzvW0rvVzH9sZO0QAvG76Lo+6C92Qw==
  dependencies:
    "@vue/runtime-core" "3.2.30"
    "@vue/shared" "3.2.30"
    csstype "^2.6.8"

"@vue/server-renderer@3.2.30":
  version "3.2.30"
  resolved "https://registry.npmmirror.com/@vue/server-renderer/-/server-renderer-3.2.30.tgz#4acccad3933475d07b94560c6cb205363975b969"
  integrity sha512-pzb8J/w+JdZVOtuKFlirGqrs4GP60FXGDJySw3WV2pCetuFstaacDrnymEeSo3ohAD+Qjv7zAG+Y7OvkdxQxmQ==
  dependencies:
    "@vue/compiler-ssr" "3.2.30"
    "@vue/shared" "3.2.30"

"@vue/shared@3.2.30":
  version "3.2.30"
  resolved "https://registry.npmmirror.com/@vue/shared/-/shared-3.2.30.tgz#e2ba8f6692399c27c81c668ecd3f1a4e13ee2f5e"
  integrity sha512-B3HouBtUxcfu2w2d+VhdLcVBXKYYhXiFMAfQ+hoe8NUhKkPRkWDIqhpuehCZxVQ3S2dN1P1WfKGlxGC+pfmxGg==

"@vueuse/core@^7.6.0":
  version "7.7.1"
  resolved "https://registry.npmmirror.com/@vueuse/core/-/core-7.7.1.tgz#fc284f4103de73c7fb79bc06579d8066790db511"
  integrity sha512-PRRgbATMpoeUmkCEBtUeJgOwtew8s+4UsEd+Pm7MhkjL2ihCNrSqxNVtM6NFE4uP2sWnkGcZpCjPuNSxowJ1Ow==
  dependencies:
    "@vueuse/shared" "7.7.1"
    vue-demi "*"

"@vueuse/shared@7.7.1":
  version "7.7.1"
  resolved "https://registry.npmmirror.com/@vueuse/shared/-/shared-7.7.1.tgz#77e312de7275380efce86b0079bd7938791a076b"
  integrity sha512-rN2qd22AUl7VdBxihagWyhUNHCyVk9IpvBTTfHoLH9G7rGE552X1f+zeCfehuno0zXif13jPw+icW/wn2a0rnQ==
  dependencies:
    vue-demi "*"

amdefine@>=0.0.4:
  version "1.0.1"
  resolved "https://registry.npmmirror.com/amdefine/-/amdefine-1.0.1.tgz#4a5282ac164729e93619bcfd3ad151f817ce91f5"
  integrity sha512-S2Hw0TtNkMJhIabBwIojKL9YHO5T0n5eNqWJ7Lrlel/zDbftQpxpapi8tZs3X1HWa+u+QeydGmzzNU0m09+Rcg==

ansi-styles@^3.2.1:
  version "3.2.1"
  resolved "https://registry.npmmirror.com/ansi-styles/-/ansi-styles-3.2.1.tgz#41fbb20243e50b12be0f04b8dedbf07520ce841d"
  integrity sha512-VT0ZI6kZRdTh8YyJw3SMbYm/u+NqfsAxEpWO0Pf9sq8/e94WxxOpPKx9FR1FlyCtOVDNOQ+8ntlqFxiRc+r5qA==
  dependencies:
    color-convert "^1.9.0"

anymatch@~3.1.2:
  version "3.1.2"
  resolved "https://registry.npmmirror.com/anymatch/-/anymatch-3.1.2.tgz#c0557c096af32f106198f4f4e2a383537e378716"
  integrity sha512-P43ePfOAIupkguHUycrc4qJ9kz8ZiuOUijaETwX7THt0Y/GNK7v0aa8rY816xWjZ7rJdA5XdMcpVFTKMq+RvWg==
  dependencies:
    normalize-path "^3.0.0"
    picomatch "^2.0.4"

async-validator@^4.0.7:
  version "4.0.7"
  resolved "https://registry.npmmirror.com/async-validator/-/async-validator-4.0.7.tgz#034a0fd2103a6b2ebf010da75183bec299247afe"
  integrity sha512-Pj2IR7u8hmUEDOwB++su6baaRi+QvsgajuFB9j95foM1N2gy5HM4z60hfusIO0fBPG5uLAEl6yCJr1jNSVugEQ==

axios@0.25.0:
  version "0.25.0"
  resolved "https://registry.npmmirror.com/axios/-/axios-0.25.0.tgz#349cfbb31331a9b4453190791760a8d35b093e0a"
  integrity sha512-cD8FOb0tRH3uuEe6+evtAbgJtfxr7ly3fQjYcMcuPlgkwVS9xboaVIpcDV+cYQe+yGykgwZCs1pzjntcGa6l5g==
  dependencies:
    follow-redirects "^1.14.7"

binary-extensions@^2.0.0:
  version "2.2.0"
  resolved "https://registry.npmmirror.com/binary-extensions/-/binary-extensions-2.2.0.tgz#75f502eeaf9ffde42fc98829645be4ea76bd9e2d"
  integrity sha512-jDctJ/IVQbZoJykoeHbhXpOlNBqGNcwXJKJog42E5HDPUwQTSdjCHdihjj0DlnheQ7blbT6dHOafNAiS8ooQKA==

braces@~3.0.2:
  version "3.0.2"
  resolved "https://registry.npmmirror.com/braces/-/braces-3.0.2.tgz#3454e1a462ee8d599e236df336cd9ea4f8afe107"
  integrity sha512-b8um+L1RzM3WDSzvhm6gIz1yfTbBt6YTlcEKAvsmqCZZFw46z626lVj9j1yEPW33H5H+lBQpZMP1k8l+78Ha0A==
  dependencies:
    fill-range "^7.0.1"

chalk@^2.3.2:
  version "2.4.2"
  resolved "https://registry.npmmirror.com/chalk/-/chalk-2.4.2.tgz#cd42541677a54333cf541a49108c1432b44c9424"
  integrity sha512-Mti+f9lpJNcwF4tWV8/OrTTtF1gZi+f8FqlyAdouralcFWFQWF2+NgCHShjkCb+IFBLq9buZwE1xckQU4peSuQ==
  dependencies:
    ansi-styles "^3.2.1"
    escape-string-regexp "^1.0.5"
    supports-color "^5.3.0"

"chokidar@>=3.0.0 <4.0.0":
  version "3.5.3"
  resolved "https://registry.npmmirror.com/chokidar/-/chokidar-3.5.3.tgz#1cf37c8707b932bd1af1ae22c0432e2acd1903bd"
  integrity sha512-Dr3sfKRP6oTcjf2JmUmFJfeVMvXBdegxB0iVQ5eb2V10uFJUCAS8OByZdVAyVb8xXNz3GjjTgj9kLWsZTqE6kw==
  dependencies:
    anymatch "~3.1.2"
    braces "~3.0.2"
    glob-parent "~5.1.2"
    is-binary-path "~2.1.0"
    is-glob "~4.0.1"
    normalize-path "~3.0.0"
    readdirp "~3.6.0"
  optionalDependencies:
    fsevents "~2.3.2"

color-convert@^1.9.0:
  version "1.9.3"
  resolved "https://registry.npmmirror.com/color-convert/-/color-convert-1.9.3.tgz#bb71850690e1f136567de629d2d5471deda4c1e8"
  integrity sha512-QfAUtd+vFdAtFQcC8CCyYt1fYWxSqAiK2cSD6zDB8N3cpsEBAvRxp9zOGg6G/SHHJYAT88/az/IuDGALsNVbGg==
  dependencies:
    color-name "1.1.3"

color-name@1.1.3:
  version "1.1.3"
  resolved "https://registry.npmmirror.com/color-name/-/color-name-1.1.3.tgz#a7d0558bd89c42f795dd42328f740831ca53bc25"
  integrity sha512-72fSenhMw2HZMTVHeCA9KCmpEIbzWiQsjN+BHcBbS9vr1mtt+vJjPdksIBNUmKAW8TFUDPJK5SUU3QhE9NEXDw==

commander@^2.15.1:
  version "2.20.3"
  resolved "https://registry.npmmirror.com/commander/-/commander-2.20.3.tgz#fd485e84c03eb4881c20722ba48035e8531aeb33"
  integrity sha512-GpVkmM8vF2vQUkj2LvZmD35JxeJOLCwJ9cUkugyk2nuhbv3+mJvpLYYt+0+USMxE+oj+ey/lJEnhZw75x/OMcQ==

concat-typed-array@^1.0.2:
  version "1.0.2"
  resolved "https://registry.npmmirror.com/concat-typed-array/-/concat-typed-array-1.0.2.tgz#67880c3ce19ecff110c31598b41c7f4739d47ca0"
  integrity sha512-aC878bxeWSlrY6h60cCDwBUXpKwovZrB7+C4+VHNO1CIXW2gBLxbQ757jWtOXUscLGgYI8R84N6uy9fTJPe+0g==

core-js@3.21.0:
  version "3.21.0"
  resolved "https://registry.npmmirror.com/core-js/-/core-js-3.21.0.tgz#f479dbfc3dffb035a0827602dd056839a774aa71"
  integrity sha512-YUdI3fFu4TF/2WykQ2xzSiTQdldLB4KVuL9WeAy5XONZYt5Cun/fpQvctoKbCgvPhmzADeesTk/j2Rdx77AcKQ==

cropperjs@1.5.12:
  version "1.5.12"
  resolved "https://registry.npmmirror.com/cropperjs/-/cropperjs-1.5.12.tgz#d9c0db2bfb8c0d769d51739e8f916bbc44e10f50"
  integrity sha512-re7UdjE5UnwdrovyhNzZ6gathI4Rs3KGCBSc8HCIjUo5hO42CtzyblmWLj6QWVw7huHyDMfpKxhiO2II77nhDw==

crypto-js@4.1.1:
  version "4.1.1"
  resolved "https://registry.npmmirror.com/crypto-js/-/crypto-js-4.1.1.tgz#9e485bcf03521041bd85844786b83fb7619736cf"
  integrity sha512-o2JlM7ydqd3Qk9CA0L4NL6mTzU2sdx96a+oOfPu8Mkl/PK51vSyoi8/rQ8NknZtk44vq15lmhAj9CIAGwgeWKw==

csstype@^2.6.8:
  version "2.6.20"
  resolved "https://registry.npmmirror.com/csstype/-/csstype-2.6.20.tgz#9229c65ea0b260cf4d3d997cb06288e36a8d6dda"
  integrity sha512-/WwNkdXfckNgw6S5R125rrW8ez139lBHWouiBvX8dfMFtcn6V81REDqnH7+CRpRipfYlyU1CmOnOxrmGcFOjeA==

d@1, d@^1.0.1:
  version "1.0.1"
  resolved "https://registry.npmmirror.com/d/-/d-1.0.1.tgz#8698095372d58dbee346ffd0c7093f99f8f9eb5a"
  integrity sha512-m62ShEObQ39CfralilEQRjH6oAMtNCV1xJyEx5LpRYUVN+EviphDgUc/F3hnYbADmkiNs67Y+3ylmlG7Lnu+FA==
  dependencies:
    es5-ext "^0.10.50"
    type "^1.0.1"

danmu.js@^0.5.9:
  version "0.5.10"
  resolved "https://registry.npmmirror.com/danmu.js/-/danmu.js-0.5.10.tgz#616f308f353eefc1f7b9c68a855130b1c3888cbf"
  integrity sha512-zLpSd5Yi+fxVVd0GHjrf5lZA45KKpbvc4Q8BbSVO3OdmCBkoB2vlDCGnVn18cnKpTNqi8Soy7AnzUw1YcqtzUA==
  dependencies:
    event-emitter "^0.3.5"

dayjs@^1.10.7:
  version "1.10.8"
  resolved "https://registry.npmmirror.com/dayjs/-/dayjs-1.10.8.tgz#267df4bc6276fcb33c04a6735287e3f429abec41"
  integrity sha512-wbNwDfBHHur9UOzNUjeKUOJ0fCb0a52Wx0xInmQ7Y8FstyajiV1NmK1e00cxsr9YrE9r7yAChE0VvpuY5Rnlow==

downloadjs@1.4.7:
  version "1.4.7"
  resolved "https://registry.npmmirror.com/downloadjs/-/downloadjs-1.4.7.tgz#f69f96f940e0d0553dac291139865a3cd0101e3c"
  integrity sha512-LN1gO7+u9xjU5oEScGFKvXhYf7Y/empUIIEAGBs1LzUq/rg5duiDrkuH5A2lQGd5jfMOb9X9usDa2oVXwJ0U/Q==

draggabilly@^2.2.0:
  version "2.4.1"
  resolved "https://registry.npmmirror.com/draggabilly/-/draggabilly-2.4.1.tgz#df02b9e2c3a837d42591af807a0d250b3816887f"
  integrity sha512-HHHLPEPZqRXIDQDFRFdK7RONZausNlJ4WkA73ST7Z6O2HPWttxFHVwHo8nccuDLzXWwiVKRVuc6fTkW+CQA++A==
  dependencies:
    get-size "^2.0.2"
    unidragger "^2.4.0"

echarts@5.3.0:
  version "5.3.0"
  resolved "https://registry.npmmirror.com/echarts/-/echarts-5.3.0.tgz#39342fcf0f763413fecd9d2afd1c415163de694d"
  integrity sha512-zENufmwFE6WjM+24tW3xQq4ICqQtI0CGj4bDVDNd3BK3LtaA/5wBp+64ykIyKy3QElz0cieKqSYP4FX9Lv9MwQ==
  dependencies:
    tslib "2.3.0"
    zrender "5.3.0"

element-plus@2.0.2:
  version "2.0.2"
  resolved "https://registry.npmmirror.com/element-plus/-/element-plus-2.0.2.tgz#1e4a29fbc6629255b96845a99202773e774223a1"
  integrity sha512-URjC0HwwiqtlLxqTmHXQ31WXrdAq4ChWyyn52OcQs3PRsnMPfahGVq2AWnfzzlzlhVeI5lY3HQiuB1zDathS+g==
  dependencies:
    "@ctrl/tinycolor" "^3.4.0"
    "@element-plus/icons-vue" "^0.2.6"
    "@popperjs/core" "^2.11.2"
    "@vueuse/core" "^7.6.0"
    async-validator "^4.0.7"
    dayjs "^1.10.7"
    lodash "^4.17.21"
    lodash-es "^4.17.21"
    lodash-unified "^1.0.1"
    memoize-one "^6.0.0"
    normalize-wheel-es "^1.1.1"

es5-ext@^0.10.35, es5-ext@^0.10.50, es5-ext@~0.10.14:
  version "0.10.57"
  resolved "https://registry.npmmirror.com/es5-ext/-/es5-ext-0.10.57.tgz#440574256186e2bf22223d673087caae83edabd2"
  integrity sha512-L7cCNoPwTkAp7IBHxrKLsh7NKiVFkcdxlP9vbVw9QUvb7gF0Mz9bEBN0WY9xqdTjGF907EMT/iG013vnbqwu1Q==
  dependencies:
    es6-iterator "^2.0.3"
    es6-symbol "^3.1.3"
    next-tick "^1.1.0"

es6-iterator@^2.0.3:
  version "2.0.3"
  resolved "https://registry.npmmirror.com/es6-iterator/-/es6-iterator-2.0.3.tgz#a7de889141a05a94b0854403b2d0a0fbfa98f3b7"
  integrity sha512-zw4SRzoUkd+cl+ZoE15A9o1oQd920Bb0iOJMQkQhl3jNc03YqVjAhG7scf9C5KWRU/R13Orf588uCC6525o02g==
  dependencies:
    d "1"
    es5-ext "^0.10.35"
    es6-symbol "^3.1.1"

es6-symbol@^3.1.1, es6-symbol@^3.1.3:
  version "3.1.3"
  resolved "https://registry.npmmirror.com/es6-symbol/-/es6-symbol-3.1.3.tgz#bad5d3c1bcdac28269f4cb331e431c78ac705d18"
  integrity sha512-NJ6Yn3FuDinBaBRWl/q5X/s4koRHBrgKAu+yGI6JCBeiu3qrcbJhwT2GeR/EXVfylRk8dpQVJoLEFhK+Mu31NA==
  dependencies:
    d "^1.0.1"
    ext "^1.1.2"

esbuild-android-64@0.14.25:
  version "0.14.25"
  resolved "https://registry.npmmirror.com/esbuild-android-64/-/esbuild-android-64-0.14.25.tgz#d532d38cb5fe0ae45167ce35f4bbc784c636be40"
  integrity sha512-L5vCUk7TzFbBnoESNoXjU3x9+/+7TDIE/1mTfy/erAfvZAqC+S3sp/Qa9wkypFMcFvN9FzvESkTlpeQDolREtQ==

esbuild-android-arm64@0.14.25:
  version "0.14.25"
  resolved "https://registry.npmmirror.com/esbuild-android-arm64/-/esbuild-android-arm64-0.14.25.tgz#9c5bb3366aabfd14a1c726d36978b79441dfcb6e"
  integrity sha512-4jv5xPjM/qNm27T5j3ZEck0PvjgQtoMHnz4FzwF5zNP56PvY2CT0WStcAIl6jNlsuDdN63rk2HRBIsO6xFbcFw==

esbuild-darwin-64@0.14.25:
  version "0.14.25"
  resolved "https://registry.npmmirror.com/esbuild-darwin-64/-/esbuild-darwin-64-0.14.25.tgz#05dcdb6d884f427039ffee5e92ff97527e56c26d"
  integrity sha512-TGp8tuudIxOyWd1+8aYPxQmC1ZQyvij/AfNBa35RubixD0zJ1vkKHVAzo0Zao1zcG6pNqiSyzfPto8vmg0s7oA==

esbuild-darwin-arm64@0.14.25:
  version "0.14.25"
  resolved "https://registry.npmmirror.com/esbuild-darwin-arm64/-/esbuild-darwin-arm64-0.14.25.tgz#28e080da4ea0cfe9498071e7f8060498caee1a95"
  integrity sha512-oTcDgdm0MDVEmw2DWu8BV68pYuImpFgvWREPErBZmNA4MYKGuBRaCiJqq6jZmBR1x+3y1DWCjez+5uLtuAm6mw==

esbuild-freebsd-64@0.14.25:
  version "0.14.25"
  resolved "https://registry.npmmirror.com/esbuild-freebsd-64/-/esbuild-freebsd-64-0.14.25.tgz#200d3664a3b945bc9fdcba73614b49a11ebd1cfa"
  integrity sha512-ueAqbnMZ8arnuLH8tHwTCQYeptnHOUV7vA6px6j4zjjQwDx7TdP7kACPf3TLZLdJQ3CAD1XCvQ2sPhX+8tacvQ==

esbuild-freebsd-arm64@0.14.25:
  version "0.14.25"
  resolved "https://registry.npmmirror.com/esbuild-freebsd-arm64/-/esbuild-freebsd-arm64-0.14.25.tgz#624b08c5da6013bdc312aaa23c4ff409580f5c3c"
  integrity sha512-+ZVWud2HKh+Ob6k/qiJWjBtUg4KmJGGmbvEXXW1SNKS7hW7HU+Zq2ZCcE1akFxOPkVB+EhOty/sSek30tkCYug==

esbuild-linux-32@0.14.25:
  version "0.14.25"
  resolved "https://registry.npmmirror.com/esbuild-linux-32/-/esbuild-linux-32-0.14.25.tgz#0238e597eb0b60aa06c7e98fccbbfd6bb9a0d6c5"
  integrity sha512-3OP/lwV3kCzEz45tobH9nj+uE4ubhGsfx+tn0L26WAGtUbmmcRpqy7XRG/qK7h1mClZ+eguIANcQntYMdYklfw==

esbuild-linux-64@0.14.25:
  version "0.14.25"
  resolved "https://registry.npmmirror.com/esbuild-linux-64/-/esbuild-linux-64-0.14.25.tgz#8a8b8cf47dfce127c858e71229d9a385a82c62e8"
  integrity sha512-+aKHdHZmX9qwVlQmu5xYXh7GsBFf4TWrePgeJTalhXHOG7NNuUwoHmketGiZEoNsWyyqwH9rE5BC+iwcLY30Ug==

esbuild-linux-arm64@0.14.25:
  version "0.14.25"
  resolved "https://registry.npmmirror.com/esbuild-linux-arm64/-/esbuild-linux-arm64-0.14.25.tgz#7ac94371418a2640ba413bc1700aaedeb2794e52"
  integrity sha512-UxfenPx/wSZx55gScCImPtXekvZQLI2GW3qe5dtlmU7luiqhp5GWPzGeQEbD3yN3xg/pHc671m5bma5Ns7lBHw==

esbuild-linux-arm@0.14.25:
  version "0.14.25"
  resolved "https://registry.npmmirror.com/esbuild-linux-arm/-/esbuild-linux-arm-0.14.25.tgz#034bd18e9310b9f010c89f90ef7f05706689600b"
  integrity sha512-aTLcE2VBoLydL943REcAcgnDi3bHtmULSXWLbjtBdtykRatJVSxKMjK9YlBXUZC4/YcNQfH7AxwVeQr9fNxPhw==

esbuild-linux-mips64le@0.14.25:
  version "0.14.25"
  resolved "https://registry.npmmirror.com/esbuild-linux-mips64le/-/esbuild-linux-mips64le-0.14.25.tgz#05f98a8cf6b578eab6b4e6b0ab094f37530934f4"
  integrity sha512-wLWYyqVfYx9Ur6eU5RT92yJVsaBGi5RdkoWqRHOqcJ38Kn60QMlcghsKeWfe9jcYut8LangYZ98xO1LxIoSXrQ==

esbuild-linux-ppc64le@0.14.25:
  version "0.14.25"
  resolved "https://registry.npmmirror.com/esbuild-linux-ppc64le/-/esbuild-linux-ppc64le-0.14.25.tgz#46fd0add8d8535678439d7a9c2876ad20042d952"
  integrity sha512-0dR6Csl6Zas3g4p9ULckEl8Mo8IInJh33VCJ3eaV1hj9+MHGdmDOakYMN8MZP9/5nl+NU/0ygpd14cWgy8uqRw==

esbuild-linux-riscv64@0.14.25:
  version "0.14.25"
  resolved "https://registry.npmmirror.com/esbuild-linux-riscv64/-/esbuild-linux-riscv64-0.14.25.tgz#ea2e986f0f3e5df73c635135dd778051734fc605"
  integrity sha512-J4d20HDmTrgvhR0bdkDhvvJGaikH3LzXQnNaseo8rcw9Yqby9A90gKUmWpfwqLVNRILvNnAmKLfBjCKU9ajg8w==

esbuild-linux-s390x@0.14.25:
  version "0.14.25"
  resolved "https://registry.npmmirror.com/esbuild-linux-s390x/-/esbuild-linux-s390x-0.14.25.tgz#efe89486e9a1b1508925048076e3f3a6698aa6a3"
  integrity sha512-YI2d5V6nTE73ZnhEKQD7MtsPs1EtUZJ3obS21oxQxGbbRw1G+PtJKjNyur+3t6nzHP9oTg6GHQ3S3hOLLmbDIQ==

esbuild-netbsd-64@0.14.25:
  version "0.14.25"
  resolved "https://registry.npmmirror.com/esbuild-netbsd-64/-/esbuild-netbsd-64-0.14.25.tgz#439fe27d8ee3b5887501ee63988e85f920107db6"
  integrity sha512-TKIVgNWLUOkr+Exrye70XTEE1lJjdQXdM4tAXRzfHE9iBA7LXWcNtVIuSnphTqpanPzTDFarF0yqq4kpbC6miA==

esbuild-openbsd-64@0.14.25:
  version "0.14.25"
  resolved "https://registry.npmmirror.com/esbuild-openbsd-64/-/esbuild-openbsd-64-0.14.25.tgz#31ebf616aadf6e60674469f2b92cec92280d9930"
  integrity sha512-QgFJ37A15D7NIXBTYEqz29+uw3nNBOIyog+3kFidANn6kjw0GHZ0lEYQn+cwjyzu94WobR+fes7cTl/ZYlHb1A==

esbuild-sunos-64@0.14.25:
  version "0.14.25"
  resolved "https://registry.npmmirror.com/esbuild-sunos-64/-/esbuild-sunos-64-0.14.25.tgz#815e4f936d74970292a63ccfd5791fe5e3569f5f"
  integrity sha512-rmWfjUItYIVlqr5EnTH1+GCxXiBOC42WBZ3w++qh7n2cS9Xo0lO5pGSG2N+huOU2fX5L+6YUuJ78/vOYvefeFw==

esbuild-windows-32@0.14.25:
  version "0.14.25"
  resolved "https://registry.npmmirror.com/esbuild-windows-32/-/esbuild-windows-32-0.14.25.tgz#189e14df2478f2c193c86968ab1fb54e1ceaafd2"
  integrity sha512-HGAxVUofl3iUIz9W10Y9XKtD0bNsK9fBXv1D55N/ljNvkrAYcGB8YCm0v7DjlwtyS6ws3dkdQyXadbxkbzaKOA==

esbuild-windows-64@0.14.25:
  version "0.14.25"
  resolved "https://registry.npmmirror.com/esbuild-windows-64/-/esbuild-windows-64-0.14.25.tgz#3d5fbfdc3856850bb47439299e3b60dd18be111f"
  integrity sha512-TirEohRkfWU9hXLgoDxzhMQD1g8I2mOqvdQF2RS9E/wbkORTAqJHyh7wqGRCQAwNzdNXdg3JAyhQ9/177AadWA==

esbuild-windows-arm64@0.14.25:
  version "0.14.25"
  resolved "https://registry.npmmirror.com/esbuild-windows-arm64/-/esbuild-windows-arm64-0.14.25.tgz#8b243cbbad8a86cf98697da9ccb88c05df2ef458"
  integrity sha512-4ype9ERiI45rSh+R8qUoBtaj6kJvUOI7oVLhKqPEpcF4Pa5PpT3hm/mXAyotJHREkHpM87PAJcA442mLnbtlNA==

esbuild@^0.14.14:
  version "0.14.25"
  resolved "https://registry.npmmirror.com/esbuild/-/esbuild-0.14.25.tgz#ddb9d47b91ca76abb7d850ce3dfed0bc3dc88d16"
  integrity sha512-4JHEIOMNFvK09ziiL+iVmldIhLbn49V4NAVo888tcGFKedEZY/Y8YapfStJ6zSE23tzYPKxqKwQBnQoIO0BI/Q==
  optionalDependencies:
    esbuild-android-64 "0.14.25"
    esbuild-android-arm64 "0.14.25"
    esbuild-darwin-64 "0.14.25"
    esbuild-darwin-arm64 "0.14.25"
    esbuild-freebsd-64 "0.14.25"
    esbuild-freebsd-arm64 "0.14.25"
    esbuild-linux-32 "0.14.25"
    esbuild-linux-64 "0.14.25"
    esbuild-linux-arm "0.14.25"
    esbuild-linux-arm64 "0.14.25"
    esbuild-linux-mips64le "0.14.25"
    esbuild-linux-ppc64le "0.14.25"
    esbuild-linux-riscv64 "0.14.25"
    esbuild-linux-s390x "0.14.25"
    esbuild-netbsd-64 "0.14.25"
    esbuild-openbsd-64 "0.14.25"
    esbuild-sunos-64 "0.14.25"
    esbuild-windows-32 "0.14.25"
    esbuild-windows-64 "0.14.25"
    esbuild-windows-arm64 "0.14.25"

escape-string-regexp@^1.0.5:
  version "1.0.5"
  resolved "https://registry.npmmirror.com/escape-string-regexp/-/escape-string-regexp-1.0.5.tgz#1b61c0562190a8dff6ae3bb2cf0200ca130b86d4"
  integrity sha512-vbRorB5FUQWvla16U8R/qgaFIya2qGzwDrNmCZuYKrbdSUMG6I1ZCGQRefkRVhuOkIGVne7BQ35DSfo1qvJqFg==

esprima@~1.2.2:
  version "1.2.5"
  resolved "https://registry.npmmirror.com/esprima/-/esprima-1.2.5.tgz#0993502feaf668138325756f30f9a51feeec11e9"
  integrity sha512-S9VbPDU0adFErpDai3qDkjq8+G05ONtKzcyNrPKg/ZKa+tf879nX2KexNU95b31UoTJjRLInNBHHHjFPoCd7lQ==

estree-walker@^2.0.2:
  version "2.0.2"
  resolved "https://registry.npmmirror.com/estree-walker/-/estree-walker-2.0.2.tgz#52f010178c2a4c117a7757cfe942adb7d2da4cac"
  integrity sha512-Rfkk/Mp/DL7JVje3u18FxFujQlTNR2q6QfMSMB7AvCBx91NGj/ba3kCfza0f6dVDbw7YlRf/nDrn7pQrCCyQ/w==

ev-emitter@^1.0.1:
  version "1.1.1"
  resolved "https://registry.npmmirror.com/ev-emitter/-/ev-emitter-1.1.1.tgz#8f18b0ce5c76a5d18017f71c0a795c65b9138f2a"
  integrity sha512-ipiDYhdQSCZ4hSbX4rMW+XzNKMD1prg/sTvoVmSLkuQ1MVlwjJQQA+sW8tMYR3BLUr9KjodFV4pvzunvRhd33Q==

event-emitter@^0.3.5:
  version "0.3.5"
  resolved "https://registry.npmmirror.com/event-emitter/-/event-emitter-0.3.5.tgz#df8c69eef1647923c7157b9ce83840610b02cc39"
  integrity sha512-D9rRn9y7kLPnJ+hMq7S/nhvoKwwvVJahBi2BPmx3bvbsEdK3W9ii8cBSGjP+72/LnM4n6fo3+dkCX5FeTQruXA==
  dependencies:
    d "1"
    es5-ext "~0.10.14"

eventemitter3@^4.0.7:
  version "4.0.7"
  resolved "https://registry.npmmirror.com/eventemitter3/-/eventemitter3-4.0.7.tgz#2de9b68f6528d5644ef5c59526a1b4a07306169f"
  integrity sha512-8guHBZCwKnFhYdHr2ysuRWErTwhoN2X8XELRlrRwpmfeY2jjuUN4taQMsULKUVo1K4DvZl+0pgfyoysHxvmvEw==

ext@^1.1.2:
  version "1.6.0"
  resolved "https://registry.npmmirror.com/ext/-/ext-1.6.0.tgz#3871d50641e874cc172e2b53f919842d19db4c52"
  integrity sha512-sdBImtzkq2HpkdRLtlLWDa6w4DX22ijZLKx8BMPUuKe1c5lbN6xwQDQCxSfxBQnHZ13ls/FH0MQZx/q/gr6FQg==
  dependencies:
    type "^2.5.0"

fill-range@^7.0.1:
  version "7.0.1"
  resolved "https://registry.npmmirror.com/fill-range/-/fill-range-7.0.1.tgz#1919a6a7c75fe38b2c7c77e5198535da9acdda40"
  integrity sha512-qOo9F+dMUmC2Lcb4BbVvnKJxTPjCm+RRpe4gDuGrzkL7mEVl/djYSu2OdQ2Pa302N4oqkSg9ir6jaLWJ2USVpQ==
  dependencies:
    to-regex-range "^5.0.1"

follow-redirects@^1.14.7:
  version "1.14.9"
  resolved "https://registry.npmmirror.com/follow-redirects/-/follow-redirects-1.14.9.tgz#dd4ea157de7bfaf9ea9b3fbd85aa16951f78d8d7"
  integrity sha512-MQDfihBQYMcyy5dhRDJUHcw7lb2Pv/TuE6xP1vyraLukNDHKbDxDNaOE3NbCAdKQApno+GPRyo1YAp89yCjK4w==

fs-extra@^5.0.0:
  version "5.0.0"
  resolved "https://registry.npmmirror.com/fs-extra/-/fs-extra-5.0.0.tgz#414d0110cdd06705734d055652c5411260c31abd"
  integrity sha512-66Pm4RYbjzdyeuqudYqhFiNBbCIuI9kgRqLPSHIlXHidW8NIQtVdkM1yeZ4lXwuhbTETv3EUGMNHAAw6hiundQ==
  dependencies:
    graceful-fs "^4.1.2"
    jsonfile "^4.0.0"
    universalify "^0.1.0"

fsevents@~2.3.2:
  version "2.3.2"
  resolved "https://registry.npmmirror.com/fsevents/-/fsevents-2.3.2.tgz#8a526f78b8fdf4623b709e0b975c52c24c02fd1a"
  integrity sha512-xiqMQR4xAeHTuB9uWm+fFRcIOgKBMiOBP+eXiyT7jsgVCq1bkVygt00oASowB7EdtpOHaaPgKt812P9ab+DDKA==

function-bind@^1.1.1:
  version "1.1.1"
  resolved "https://registry.npmmirror.com/function-bind/-/function-bind-1.1.1.tgz#a56899d3ea3c9bab874bb9773b7c5ede92f4895d"
  integrity sha512-yIovAzMX49sF8Yl58fSCWJ5svSLuaibPxXQJFLmBObTuCr0Mf1KiPopGM9NiFjiYBCbfaa2Fh6breQ6ANVTI0A==

generate-source-map@0.0.5:
  version "0.0.5"
  resolved "https://registry.npmmirror.com/generate-source-map/-/generate-source-map-0.0.5.tgz#f1255f31653cb0231e6713a7dc8375af4f33a509"
  integrity sha512-jqiE7f3FEaeMcjnMSEYLjMa39bdx+RrrdfhxdJpMm9S/8IugHF4vLQLZ9sxHylWyxpsBILukC/l/7B0/O0zhNg==
  dependencies:
    esprima "~1.2.2"
    source-map "~0.1.34"

get-size@^2.0.2:
  version "2.0.3"
  resolved "https://registry.npmmirror.com/get-size/-/get-size-2.0.3.tgz#54a1d0256b20ea7ac646516756202769941ad2ef"
  integrity sha512-lXNzT/h/dTjTxRbm9BXb+SGxxzkm97h/PCIKtlN/CBCxxmkkIVV21udumMS93MuVTDX583gqc94v3RjuHmI+2Q==

glob-parent@~5.1.2:
  version "5.1.2"
  resolved "https://registry.npmmirror.com/glob-parent/-/glob-parent-5.1.2.tgz#869832c58034fe68a4093c17dc15e8340d8401c4"
  integrity sha512-AOIgSQCepiJYwP3ARnGx+5VnTu2HBYdzbGP45eLw1vr3zB3vZLeyed1sC9hnbcOc9/SrMyM5RPQrkGz4aS9Zow==
  dependencies:
    is-glob "^4.0.1"

graceful-fs@^4.1.2, graceful-fs@^4.1.6:
  version "4.2.9"
  resolved "https://registry.npmmirror.com/graceful-fs/-/graceful-fs-4.2.9.tgz#041b05df45755e587a24942279b9d113146e1c96"
  integrity sha512-NtNxqUcXgpW2iMrfqSfR73Glt39K+BLwWsPs94yR63v45T0Wbej7eRmL5cWfwEgqXnmjQp3zaJTshdRW/qC2ZQ==

has-flag@^3.0.0:
  version "3.0.0"
  resolved "https://registry.npmmirror.com/has-flag/-/has-flag-3.0.0.tgz#b5d454dc2199ae225699f3467e5a07f3b955bafd"
  integrity sha512-sKJf1+ceQBr4SMkvQnBDNDtf4TXpVhVGateu0t918bl30FnbE2m4vNLX+VWe/dpjlb+HugGYzW7uQXH98HPEYw==

has@^1.0.3:
  version "1.0.3"
  resolved "https://registry.npmmirror.com/has/-/has-1.0.3.tgz#722d7cbfc1f6aa8241f16dd814e011e1f41e8796"
  integrity sha512-f2dvO0VU6Oej7RkWJGrehjbzMAjFp5/VKPp5tTpWIV4JHHZK1/BxbFRtf/siA2SWTe09caDmVtYYzWEIbBS4zw==
  dependencies:
    function-bind "^1.1.1"

is-binary-path@~2.1.0:
  version "2.1.0"
  resolved "https://registry.npmmirror.com/is-binary-path/-/is-binary-path-2.1.0.tgz#ea1f7f3b80f064236e83470f86c09c254fb45b09"
  integrity sha512-ZMERYes6pDydyuGidse7OsHxtbI7WVeUEozgR/g7rd0xUimYNlvZRE/K2MgZTjWy725IfelLeVcEM97mmtRGXw==
  dependencies:
    binary-extensions "^2.0.0"

is-core-module@^2.8.1:
  version "2.8.1"
  resolved "https://registry.npmmirror.com/is-core-module/-/is-core-module-2.8.1.tgz#f59fdfca701d5879d0a6b100a40aa1560ce27211"
  integrity sha512-SdNCUs284hr40hFTFP6l0IfZ/RSrMXF3qgoRHd3/79unUTvrFO/JoXwkGm+5J/Oe3E/b5GsnG330uUNgRpu1PA==
  dependencies:
    has "^1.0.3"

is-extglob@^2.1.1:
  version "2.1.1"
  resolved "https://registry.npmmirror.com/is-extglob/-/is-extglob-2.1.1.tgz#a88c02535791f02ed37c76a1b9ea9773c833f8c2"
  integrity sha512-SbKbANkN603Vi4jEZv49LeVJMn4yGwsbzZworEoyEiutsN3nJYdbO36zfhGJ6QEDpOZIFkDtnq5JRxmvl3jsoQ==

is-glob@^4.0.1, is-glob@~4.0.1:
  version "4.0.3"
  resolved "https://registry.npmmirror.com/is-glob/-/is-glob-4.0.3.tgz#64f61e42cbbb2eec2071a9dac0b28ba1e65d5084"
  integrity sha512-xelSayHH36ZgE7ZWhli7pW34hNbNl8Ojv5KVmkJD4hBdD3th8Tfk9vYasLM+mXWOZhFkgZfxhLSnrwRr4elSSg==
  dependencies:
    is-extglob "^2.1.1"

is-number@^7.0.0:
  version "7.0.0"
  resolved "https://registry.npmmirror.com/is-number/-/is-number-7.0.0.tgz#7535345b896734d5f80c4d06c50955527a14f12b"
  integrity sha512-41Cifkg6e8TylSpdtTpeLVMqvSBEVzTttHvERD741+pnZ8ANv0004MRL43QKPDlK9cGvNp6NZWZUBlbGXYxxng==

jsonfile@^4.0.0:
  version "4.0.0"
  resolved "https://registry.npmmirror.com/jsonfile/-/jsonfile-4.0.0.tgz#8771aae0799b64076b76640fca058f9c10e33ecb"
  integrity sha512-m6F1R3z8jjlf2imQHS2Qez5sjKWQzbuuhuJ/FKYFRZvPE3PuHcSMVZzfsLhGVOkfd20obL5SWEBew5ShlquNxg==
  optionalDependencies:
    graceful-fs "^4.1.6"

lodash-es@^4.17.21:
  version "4.17.21"
  resolved "https://registry.npmmirror.com/lodash-es/-/lodash-es-4.17.21.tgz#43e626c46e6591b7750beb2b50117390c609e3ee"
  integrity sha512-mKnC+QJ9pWVzv+C4/U3rRsHapFfHvQFoFB92e52xeyGMcX6/OlIl78je1u8vePzYZSkkogMPJ2yjxxsb89cxyw==

lodash-unified@^1.0.1:
  version "1.0.2"
  resolved "https://registry.npmmirror.com/lodash-unified/-/lodash-unified-1.0.2.tgz#bb2694db3533781e5cce984af60cfaea318b83c1"
  integrity sha512-OGbEy+1P+UT26CYi4opY4gebD8cWRDxAT6MAObIVQMiqYdxZr1g3QHWCToVsm31x2NkLS4K3+MC2qInaRMa39g==

lodash@^4.17.21:
  version "4.17.21"
  resolved "https://registry.npmmirror.com/lodash/-/lodash-4.17.21.tgz#679591c564c3bffaae8454cf0b3df370c3d6911c"
  integrity sha512-v2kDEe57lecTulaDIuNTPy3Ry4gLGJ6Z1O3vE1krgXZNrsQ+LFTGHVxVjcXPs17LhbZVGedAJv8XZ1tvj5FvSg==

magic-string@^0.25.7:
  version "0.25.9"
  resolved "https://registry.npmmirror.com/magic-string/-/magic-string-0.25.9.tgz#de7f9faf91ef8a1c91d02c2e5314c8277dbcdd1c"
  integrity sha512-RmF0AsMzgt25qzqqLc1+MbHmhdx0ojF2Fvs4XnOqz2ZOBXzzkEwc/dJQZCYHAn7v1jbVOjAZfK8msRn4BxO4VQ==
  dependencies:
    sourcemap-codec "^1.4.8"

memoize-one@^6.0.0:
  version "6.0.0"
  resolved "https://registry.npmmirror.com/memoize-one/-/memoize-one-6.0.0.tgz#b2591b871ed82948aee4727dc6abceeeac8c1045"
  integrity sha512-rkpe71W0N0c0Xz6QD0eJETuWAJGnJ9afsl1srmwPrI+yBCkge5EycXXbYRyvL29zZVUWQCY7InPRCv3GDXuZNw==

nanoid@^3.3.1:
  version "3.3.1"
  resolved "https://registry.npmmirror.com/nanoid/-/nanoid-3.3.1.tgz#6347a18cac88af88f58af0b3594b723d5e99bb35"
  integrity sha512-n6Vs/3KGyxPQd6uO0eH4Bv0ojGSUvuLlIHtC3Y0kEO23YRge8H9x1GCzLn28YX0H66pMkxuaeESFq4tKISKwdw==

next-tick@^1.1.0:
  version "1.1.0"
  resolved "https://registry.npmmirror.com/next-tick/-/next-tick-1.1.0.tgz#1836ee30ad56d67ef281b22bd199f709449b35eb"
  integrity sha512-CXdUiJembsNjuToQvxayPZF9Vqht7hewsvy2sOWafLvi2awflj9mOC6bHIg50orX8IJvWKY9wYQ/zB2kogPslQ==

normalize-path@^3.0.0, normalize-path@~3.0.0:
  version "3.0.0"
  resolved "https://registry.npmmirror.com/normalize-path/-/normalize-path-3.0.0.tgz#0dcd69ff23a1c9b11fd0978316644a0388216a65"
  integrity sha512-6eZs5Ls3WtCisHWp9S2GUy8dqkpGi4BVSz3GaqiE6ezub0512ESztXUwUB6C6IKbQkY2Pnb/mD4WYojCRwcwLA==

normalize-wheel-es@^1.1.1:
  version "1.1.1"
  resolved "https://registry.npmmirror.com/normalize-wheel-es/-/normalize-wheel-es-1.1.1.tgz#a8096db6a56f94332d884fd8ebeda88f2fc79569"
  integrity sha512-157VNH4CngrcsvF8xOVOe22cwniIR3nxSltdctvQeHZj8JttEeOXffK28jucWfWBXs0QNetAumjc1GiInnwX4w==

nprogress@0.2.0:
  version "0.2.0"
  resolved "https://registry.npmmirror.com/nprogress/-/nprogress-0.2.0.tgz#cb8f34c53213d895723fcbab907e9422adbcafb1"
  integrity sha512-I19aIingLgR1fmhftnbWWO3dXc0hSxqHQHQb3H8m+K3TnEn/iSeTZZOyvKXWqQESMwuUVnatlCnZdLBZZt2VSA==

path-parse@^1.0.7:
  version "1.0.7"
  resolved "https://registry.npmmirror.com/path-parse/-/path-parse-1.0.7.tgz#fbc114b60ca42b30d9daf5858e4bd68bbedb6735"
  integrity sha512-LDJzPVEEEPR+y48z93A0Ed0yXb8pAByGWo/k5YYdYgpY2/2EsOsksJrq7lOHxryrVOn1ejG6oAp8ahvOIQD8sw==

picocolors@^1.0.0:
  version "1.0.0"
  resolved "https://registry.npmmirror.com/picocolors/-/picocolors-1.0.0.tgz#cb5bdc74ff3f51892236eaf79d68bc44564ab81c"
  integrity sha512-1fygroTLlHu66zi26VoTDv8yRgm0Fccecssto+MhsZ0D/DGW2sm8E8AjW7NU5VVTRt5GxbeZ5qBuJr+HyLYkjQ==

picomatch@^2.0.4, picomatch@^2.2.1:
  version "2.3.1"
  resolved "https://registry.npmmirror.com/picomatch/-/picomatch-2.3.1.tgz#3ba3833733646d9d3e4995946c1365a67fb07a42"
  integrity sha512-JU3teHTNjmE2VCGFzuY8EXzCDVwEqB2a8fsIvwaStHhAWJEeVd1o1QD80CU6+ZdEXXSLbSsuLwJjkCBWqRQUVA==

pinyin-match@^1.2.2:
  version "1.2.2"
  resolved "https://registry.npmmirror.com/pinyin-match/-/pinyin-match-1.2.2.tgz#24a60a5bce89fb2903f33f37492782d3f8e34eeb"
  integrity sha512-C0yOq4LkToJMkDHiQFKOY69El2GRcwdS2lVEjgWjIV8go3wE4mloGFNkVicGHFGYHDg523m2/lKzW8Hh+JR9nw==
  dependencies:
    rollup "^2.44.0"

postcss@^8.1.10, postcss@^8.4.6:
  version "8.4.8"
  resolved "https://registry.npmmirror.com/postcss/-/postcss-8.4.8.tgz#dad963a76e82c081a0657d3a2f3602ce10c2e032"
  integrity sha512-2tXEqGxrjvAO6U+CJzDL2Fk2kPHTv1jQsYkSoMeOis2SsYaXRO2COxTdQp99cYvif9JTXaAk9lYGc3VhJt7JPQ==
  dependencies:
    nanoid "^3.3.1"
    picocolors "^1.0.0"
    source-map-js "^1.0.2"

readdirp@~3.6.0:
  version "3.6.0"
  resolved "https://registry.npmmirror.com/readdirp/-/readdirp-3.6.0.tgz#74a370bd857116e245b29cc97340cd431a02a6c7"
  integrity sha512-hOS089on8RduqdbhvQ5Z37A0ESjsqz6qnRcffsMU3495FuTdqSm+7bhJ29JvIOsBDEEnan5DPu9t3To9VRlMzA==
  dependencies:
    picomatch "^2.2.1"

resolve@^1.22.0:
  version "1.22.0"
  resolved "https://registry.npmmirror.com/resolve/-/resolve-1.22.0.tgz#5e0b8c67c15df57a89bdbabe603a002f21731198"
  integrity sha512-Hhtrw0nLeSrFQ7phPp4OOcVjLPIeMnRlr5mcnVuMe7M/7eBn98A3hmFRLoFo3DLZkivSYwhRUJTyPyWAk56WLw==
  dependencies:
    is-core-module "^2.8.1"
    path-parse "^1.0.7"
    supports-preserve-symlinks-flag "^1.0.0"

rollup@^2.44.0, rollup@^2.59.0:
  version "2.70.0"
  resolved "https://registry.npmmirror.com/rollup/-/rollup-2.70.0.tgz#17a92e5938e92a251b962352e904c9f558230ec7"
  integrity sha512-iEzYw+syFxQ0X9RefVwhr8BA2TNJsTaX8L8dhyeyMECDbmiba+8UQzcu+xZdji0+JQ+s7kouQnw+9Oz5M19XKA==
  optionalDependencies:
    fsevents "~2.3.2"

sass@1.37.5:
  version "1.37.5"
  resolved "https://registry.npmmirror.com/sass/-/sass-1.37.5.tgz#f6838351f7cc814c4fcfe1d9a20e0cabbd1e7b3c"
  integrity sha512-Cx3ewxz9QB/ErnVIiWg2cH0kiYZ0FPvheDTVC6BsiEGBTZKKZJ1Gq5Kq6jy3PKtL6+EJ8NIoaBW/RSd2R6cZOA==
  dependencies:
    chokidar ">=3.0.0 <4.0.0"

sortablejs@1.10.2:
  version "1.10.2"
  resolved "https://registry.npmmirror.com/sortablejs/-/sortablejs-1.10.2.tgz#6e40364d913f98b85a14f6678f92b5c1221f5290"
  integrity sha512-YkPGufevysvfwn5rfdlGyrGjt7/CRHwvRPogD/lC+TnvcN29jDpCifKP+rBqf+LRldfXSTh+0CGLcSg0VIxq3A==

sortablejs@1.14.0:
  version "1.14.0"
  resolved "https://registry.npmmirror.com/sortablejs/-/sortablejs-1.14.0.tgz#6d2e17ccbdb25f464734df621d4f35d4ab35b3d8"
  integrity sha512-pBXvQCs5/33fdN1/39pPL0NZF20LeRbLQ5jtnheIPN9JQAaufGjKdWduZn4U7wCtVuzKhmRkI0DFYHYRbB2H1w==

source-map-js@^1.0.2:
  version "1.0.2"
  resolved "https://registry.npmmirror.com/source-map-js/-/source-map-js-1.0.2.tgz#adbc361d9c62df380125e7f161f71c826f1e490c"
  integrity sha512-R0XvVJ9WusLiqTCEiGCmICCMplcCkIwwR11mOSD9CR5u+IXYdiseeEuXCVAjS54zqwkLcPNnmU4OeJ6tUrWhDw==

source-map@0.6.1, source-map@^0.6.1:
  version "0.6.1"
  resolved "https://registry.npmmirror.com/source-map/-/source-map-0.6.1.tgz#74722af32e9614e9c287a8d0bbde48b5e2f1a263"
  integrity sha512-UjgapumWlbMhkBgzT7Ykc5YXUT46F0iKu8SGXq0bcwP5dz/h0Plj6enJqjz1Zbq2l5WaqYnrVbwWOWMyF3F47g==

source-map@~0.1.34:
  version "0.1.43"
  resolved "https://registry.npmmirror.com/source-map/-/source-map-0.1.43.tgz#c24bc146ca517c1471f5dacbe2571b2b7f9e3346"
  integrity sha512-VtCvB9SIQhk3aF6h+N85EaqIaBFIAfZ9Cu+NJHHVvc8BbEcnvDcFw6sqQ2dQrT6SlOrZq3tIvyD9+EGq/lJryQ==
  dependencies:
    amdefine ">=0.0.4"

sourcemap-codec@^1.4.8:
  version "1.4.8"
  resolved "https://registry.npmmirror.com/sourcemap-codec/-/sourcemap-codec-1.4.8.tgz#ea804bd94857402e6992d05a38ef1ae35a9ab4c4"
  integrity sha512-9NykojV5Uih4lgo5So5dtw+f0JgJX30KCNI8gwhz2J9A15wD0Ml6tjHKwf6fTSa6fAdVBdZeNOs9eJ71qCk8vA==

supports-color@^5.3.0:
  version "5.5.0"
  resolved "https://registry.npmmirror.com/supports-color/-/supports-color-5.5.0.tgz#e2e69a44ac8772f78a1ec0b35b689df6530efc8f"
  integrity sha512-QjVjwdXIt408MIiAqCX4oUKsgU2EqAGzs2Ppkm4aQYbjm+ZEWEcW4SfFNTr4uMNZma0ey4f5lgLrkB0aX0QMow==
  dependencies:
    has-flag "^3.0.0"

supports-preserve-symlinks-flag@^1.0.0:
  version "1.0.0"
  resolved "https://registry.npmmirror.com/supports-preserve-symlinks-flag/-/supports-preserve-symlinks-flag-1.0.0.tgz#6eda4bd344a3c94aea376d4cc31bc77311039e09"
  integrity sha512-ot0WnXS9fgdkgIcePe6RHNk1WA8+muPa6cSjeR3V8K27q9BB1rTE3R1p7Hv0z1ZyAc8s6Vvv8DIyWf681MAt0w==

tinymce@5.10.2:
  version "5.10.2"
  resolved "https://registry.npmmirror.com/tinymce/-/tinymce-5.10.2.tgz#cf1ff01025909be26c64348509e6de8e70d58e1d"
  integrity sha512-5QhnZ6c8F28fYucLLc00MM37fZoAZ4g7QCYzwIl38i5TwJR5xGqzOv6YMideyLM4tytCzLCRwJoQen2LI66p5A==

tinymce@^5.5.0:
  version "5.10.3"
  resolved "https://registry.npmmirror.com/tinymce/-/tinymce-5.10.3.tgz#9485cf00159fd70c4948cb5e9dd49bce2a775899"
  integrity sha512-O59ssHNnujWvSk5Gt8hIGrdNCMKVWVQv9F8siAgLTRgTh0t3NDHrP1UlLtCxArUi9DPWZvlBeUz8D5fJTu7vnA==

to-regex-range@^5.0.1:
  version "5.0.1"
  resolved "https://registry.npmmirror.com/to-regex-range/-/to-regex-range-5.0.1.tgz#1648c44aae7c8d988a326018ed72f5b4dd0392e4"
  integrity sha512-65P7iz6X5yEr1cwcgvQxbbIw7Uk3gOy5dIdtZ4rDveLqhrdJP+Li/Hx6tyK0NEb+2GCyneCMJiGqrADCSNk8sQ==
  dependencies:
    is-number "^7.0.0"

tslib@2.3.0:
  version "2.3.0"
  resolved "https://registry.npmmirror.com/tslib/-/tslib-2.3.0.tgz#803b8cdab3e12ba581a4ca41c8839bbb0dacb09e"
  integrity sha512-N82ooyxVNm6h1riLCoyS9e3fuJ3AMG2zIZs2Gd1ATcSFjSA23Q0fzjjZeh0jbJvWVDZ0cJT8yaNNaaXHzueNjg==

type@^1.0.1:
  version "1.2.0"
  resolved "https://registry.npmmirror.com/type/-/type-1.2.0.tgz#848dd7698dafa3e54a6c479e759c4bc3f18847a0"
  integrity sha512-+5nt5AAniqsCnu2cEQQdpzCAh33kVx8n0VoFidKpB1dVVLAN/F+bgVOqOJqOnEnrhp222clB5p3vUlD+1QAnfg==

type@^2.5.0:
  version "2.6.0"
  resolved "https://registry.npmmirror.com/type/-/type-2.6.0.tgz#3ca6099af5981d36ca86b78442973694278a219f"
  integrity sha512-eiDBDOmkih5pMbo9OqsqPRGMljLodLcwd5XD5JbtNB0o89xZAwynY9EdCDsJU7LtcVCClu9DvM7/0Ep1hYX3EQ==

unidragger@^2.4.0:
  version "2.4.0"
  resolved "https://registry.npmmirror.com/unidragger/-/unidragger-2.4.0.tgz#4cd7e564317af0ef42632d5984a82d4ae6314d8d"
  integrity sha512-MueZK2oXuGE6OAlGKIrSXK2zCq+8yb1QUZgqyTDCSJzvwYL0g2Llrad+TtoQTYxtFnNyxxSw0IMnKNIgEMia1w==
  dependencies:
    unipointer "^2.4.0"

unipointer@^2.4.0:
  version "2.4.0"
  resolved "https://registry.npmmirror.com/unipointer/-/unipointer-2.4.0.tgz#ac7316aff6170ff87a4b008e55e842fb4bf13181"
  integrity sha512-VjzDLPjGK7aYpQKH7bnDZS8X4axF5AFU/LQi+NQe1oyEHfaz6lWKhaQ7n4o7vJ1iJ4i2T0quCIfrQM139p05Sw==
  dependencies:
    ev-emitter "^1.0.1"

universalify@^0.1.0:
  version "0.1.2"
  resolved "https://registry.npmmirror.com/universalify/-/universalify-0.1.2.tgz#b646f69be3942dabcecc9d6639c80dc105efaa66"
  integrity sha512-rBJeI5CXAlmy1pV+617WB9J63U6XcazHHF2f2dbJix4XzpUF0RS3Zbj0FGIOCAva5P/d/GBOYaACQ1w+0azUkg==

vite@^2.8.0:
  version "2.8.6"
  resolved "https://registry.npmmirror.com/vite/-/vite-2.8.6.tgz#32d50e23c99ca31b26b8ccdc78b1d72d4d7323d3"
  integrity sha512-e4H0QpludOVKkmOsRyqQ7LTcMUDF3mcgyNU4lmi0B5JUbe0ZxeBBl8VoZ8Y6Rfn9eFKYtdXNPcYK97ZwH+K2ug==
  dependencies:
    esbuild "^0.14.14"
    postcss "^8.4.6"
    resolve "^1.22.0"
    rollup "^2.59.0"
  optionalDependencies:
    fsevents "~2.3.2"

vue-demi@*:
  version "0.12.1"
  resolved "https://registry.npmmirror.com/vue-demi/-/vue-demi-0.12.1.tgz#f7e18efbecffd11ab069d1472d7a06e319b4174c"
  integrity sha512-QL3ny+wX8c6Xm1/EZylbgzdoDolye+VpCXRhI2hug9dJTP3OUJ3lmiKN3CsVV3mOJKwFi0nsstbgob0vG7aoIw==

vue-i18n@9.1.9:
  version "9.1.9"
  resolved "https://registry.npmmirror.com/vue-i18n/-/vue-i18n-9.1.9.tgz#cb53e06ab5cc5b7eed59332f151caf48d47be9bb"
  integrity sha512-JeRdNVxS2OGp1E+pye5XB6+M6BBkHwAv9C80Q7+kzoMdUDGRna06tjC0vCB/jDX9aWrl5swxOMFcyAr7or8XTA==
  dependencies:
    "@intlify/core-base" "9.1.9"
    "@intlify/shared" "9.1.9"
    "@intlify/vue-devtools" "9.1.9"
    "@vue/devtools-api" "^6.0.0-beta.7"

vue-router@4.0.12:
  version "4.0.12"
  resolved "https://registry.npmmirror.com/vue-router/-/vue-router-4.0.12.tgz#8dc792cddf5bb1abcc3908f9064136de7e13c460"
  integrity sha512-CPXvfqe+mZLB1kBWssssTiWg4EQERyqJZes7USiqfW9B5N2x+nHlnsM1D3b5CaJ6qgCvMmYJnz+G0iWjNCvXrg==
  dependencies:
    "@vue/devtools-api" "^6.0.0-beta.18"

vue@3.2.30:
  version "3.2.30"
  resolved "https://registry.npmmirror.com/vue/-/vue-3.2.30.tgz#47de3039631ac22cab2fd26b427575260199b8bb"
  integrity sha512-ZmTFWVJUX2XADkuOB8GcLTuxnBLogjJBTNVrM7WsTnjqRQ+VR8bLNrvNsbn8vj/LaP5+0WFAPrpngOYE2x+e+Q==
  dependencies:
    "@vue/compiler-dom" "3.2.30"
    "@vue/compiler-sfc" "3.2.30"
    "@vue/runtime-dom" "3.2.30"
    "@vue/server-renderer" "3.2.30"
    "@vue/shared" "3.2.30"

vuedraggable@4.0.3:
  version "4.0.3"
  resolved "https://registry.npmmirror.com/vuedraggable/-/vuedraggable-4.0.3.tgz#98832a3562d44c73bbe4e205cc2dafce07b6ca14"
  integrity sha512-NkJYk+UyxgEoSQcgvVZtqY6dYpdXkBHS8aq6CqoJAfXVM9ZRYT0WPdlBbTttG4nCwllU2M5JGGgo9Drt/L0a7w==
  dependencies:
    sortablejs "1.10.2"

vuex@4.0.2:
  version "4.0.2"
  resolved "https://registry.npmmirror.com/vuex/-/vuex-4.0.2.tgz#f896dbd5bf2a0e963f00c67e9b610de749ccacc9"
  integrity sha512-M6r8uxELjZIK8kTKDGgZTYX/ahzblnzC4isU1tpmEuOIIKmV+TRdc+H4s8ds2NuZ7wpUTdGRzJRtoj+lI+pc0Q==
  dependencies:
    "@vue/devtools-api" "^6.0.0-beta.11"

xgplayer-helper-codec@2.5.1:
  version "2.5.1"
  resolved "https://registry.npmmirror.com/xgplayer-helper-codec/-/xgplayer-helper-codec-2.5.1.tgz#a4255adc1c7b4c0bf302d28f4fb9f7d224febf2c"
  integrity sha512-lAT2eRuZiWXoYH2vl7p8F7bfdl5LprHZv3CfGRuxpdpuy59nf965N35hBWDrO44qoJfv3hBxMFsrgN/Fw+AN+w==
  dependencies:
    xgplayer-helper-utils "2.5.1"

xgplayer-helper-models@2.5.1:
  version "2.5.1"
  resolved "https://registry.npmmirror.com/xgplayer-helper-models/-/xgplayer-helper-models-2.5.1.tgz#8c0897269d73c1714edfb3d5bac5104569e20cd2"
  integrity sha512-cgGWXhhmnGw//m9f3f1mUISY6npmuljmiI/vmP8H7X1OftdmpA3aTRiCKc+mPBdWi/V3ijS5O+1CYr25K+cVLg==

xgplayer-helper-transmuxers@2.5.1:
  version "2.5.1"
  resolved "https://registry.npmmirror.com/xgplayer-helper-transmuxers/-/xgplayer-helper-transmuxers-2.5.1.tgz#d6eb587780e93f60b678d82215cab5fc241a19e7"
  integrity sha512-7ZhLlvPbuwOmwFRjHNA8y4oskfza9kKnrOWlsc45/j4KyzsqGgka8/QwCmPOKH025QN7zUjyfJ+sTceIgMN7Mg==
  dependencies:
    concat-typed-array "^1.0.2"
    eventemitter3 "^4.0.7"
    xgplayer-helper-codec "2.5.1"
    xgplayer-helper-models "2.5.1"
    xgplayer-helper-utils "2.5.1"

xgplayer-helper-utils@2.5.1:
  version "2.5.1"
  resolved "https://registry.npmmirror.com/xgplayer-helper-utils/-/xgplayer-helper-utils-2.5.1.tgz#7f175cbf425256e66512e301688ee96162a62e21"
  integrity sha512-Dv49YaSxXQy4Az3XQHVRcQGT9d+ecgj4d8SIW+umY//NO6f2SdlyRpdiaDBJS0yvjqdUAslqTVMUAiZC2zi12Q==
  dependencies:
    eventemitter3 "^4.0.7"
    xgplayer-helper-models "2.5.1"

xgplayer-hls-live@2.5.1:
  version "2.5.1"
  resolved "https://registry.npmmirror.com/xgplayer-hls-live/-/xgplayer-hls-live-2.5.1.tgz#d04f069906f6f7085b12cfaa78ea5bb29022cad5"
  integrity sha512-yGX25ny9CG8OSRj1oTjGLYxXK55w1k3iosYPWuMGRgZc34VsY5MUnWJZXsfkmYRZZ1bABViuFw62i8bZyG1Ngw==
  dependencies:
    xgplayer-helper-codec "2.5.1"
    xgplayer-helper-models "2.5.1"
    xgplayer-helper-transmuxers "2.5.1"
    xgplayer-helper-utils "2.5.1"

xgplayer-hls-vod@2.5.1:
  version "2.5.1"
  resolved "https://registry.npmmirror.com/xgplayer-hls-vod/-/xgplayer-hls-vod-2.5.1.tgz#1537e68bb862502b20e4187b8eb29cf81d3b2d57"
  integrity sha512-Zu8NvyT5f3MmYESKn4KtiZWErUJoGycfS7vYKezHsusGPnXWaeXpz23USxl0SxHAV4M/3OBO5WIQbFK8/HQuYA==
  dependencies:
    xgplayer-helper-codec "2.5.1"
    xgplayer-helper-models "2.5.1"
    xgplayer-helper-transmuxers "2.5.1"
    xgplayer-helper-utils "2.5.1"

xgplayer-hls@2.5.1:
  version "2.5.1"
  resolved "https://registry.npmmirror.com/xgplayer-hls/-/xgplayer-hls-2.5.1.tgz#205e68adba658dbd2d0f0ce500c3c37364ea7d07"
  integrity sha512-B7Zknuhk/U0X/1MLKwdRqERQyaEtxQDUB+ZmSkWnw+9pjWNQdsaSoyJ3+S/AOrr/H4Zhuw11sQunq1M/y1tk6g==
  dependencies:
    xgplayer-hls-live "2.5.1"
    xgplayer-hls-vod "2.5.1"

xgplayer-subtitles@^1.0.19:
  version "1.0.22"
  resolved "https://registry.npmmirror.com/xgplayer-subtitles/-/xgplayer-subtitles-1.0.22.tgz#075b0f6570715db18b1776a2fed56d8447b97174"
  integrity sha512-+m1fo+FFynL+2ymO4UQBUSnJAz3WuIthpJFCrKBjd+ukcLRoy3vTcsylXEOo5AZN1xT28fpHmxvZQKEIEYA+6w==
  dependencies:
    eventemitter3 "^4.0.7"
    generate-source-map "0.0.5"

xgplayer@2.31.4:
  version "2.31.4"
  resolved "https://registry.npmmirror.com/xgplayer/-/xgplayer-2.31.4.tgz#7f95d88f80ac792aaf3592102cfd2e793df1c4eb"
  integrity sha512-apuAucT8RMsC8t0lattoBI9g8o9Pf7ZP7G5Eh5T7CpYAC7WA8zWZiWSunidc3rAs9HZmROhRtd1RhPnIyXGJjg==
  dependencies:
    chalk "^2.3.2"
    commander "^2.15.1"
    danmu.js "^0.5.9"
    downloadjs "1.4.7"
    draggabilly "^2.2.0"
    event-emitter "^0.3.5"
    fs-extra "^5.0.0"
    xgplayer-subtitles "^1.0.19"

zrender@5.3.0:
  version "5.3.0"
  resolved "https://registry.npmmirror.com/zrender/-/zrender-5.3.0.tgz#297c05dc2521362816c4ddced10a1e306646bbc8"
  integrity sha512-Ln2QB5uqI1ftNYMtCRxd+XDq6MOttLgam2tmhKAVA+j0ko47UT+VNlDvKTkqe4K2sJhBvB0EhYNLebqlCTjatQ==
  dependencies:
    tslib "2.3.0"
